
Microsoft Visual Studio Solution File, Format Version 12.00
# Visual Studio Version 17
VisualStudioVersion = 17.0.31912.275
MinimumVisualStudioVersion = 10.0.40219.1
Project("{FAE04EC0-301F-11D3-BF4B-00C04F79EFBC}") = "Net6Demo", "Net6Demo\Net6Demo.csproj", "{4BED5AFB-B5EA-4D69-909C-0231B72DC835}"
EndProject
Project("{FAE04EC0-301F-11D3-BF4B-00C04F79EFBC}") = "Net6Demo.Tests", "Net6Demo.Tests\Net6Demo.Tests.csproj", "{77C14508-F0C2-49F8-B2FF-DDF05A0BE8B3}"
EndProject
Global
	GlobalSection(SolutionConfigurationPlatforms) = preSolution
		Debug|Any CPU = Debug|Any CPU
		Release|Any CPU = Release|Any CPU
	EndGlobalSection
	GlobalSection(ProjectConfigurationPlatforms) = postSolution
		{4BED5AFB-B5EA-4D69-909C-0231B72DC835}.Debug|Any CPU.ActiveCfg = Debug|Any CPU
		{4BED5AFB-B5EA-4D69-909C-0231B72DC835}.Debug|Any CPU.Build.0 = Debug|Any CPU
		{4BED5AFB-B5EA-4D69-909C-0231B72DC835}.Release|Any CPU.ActiveCfg = Release|Any CPU
		{4BED5AFB-B5EA-4D69-909C-0231B72DC835}.Release|Any CPU.Build.0 = Release|Any CPU
		{77C14508-F0C2-49F8-B2FF-DDF05A0BE8B3}.Debug|Any CPU.ActiveCfg = Debug|Any CPU
		{77C14508-F0C2-49F8-B2FF-DDF05A0BE8B3}.Debug|Any CPU.Build.0 = Debug|Any CPU
		{77C14508-F0C2-49F8-B2FF-DDF05A0BE8B3}.Release|Any CPU.ActiveCfg = Release|Any CPU
		{77C14508-F0C2-49F8-B2FF-DDF05A0BE8B3}.Release|Any CPU.Build.0 = Release|Any CPU
	EndGlobalSection
	GlobalSection(SolutionProperties) = preSolution
		HideSolutionNode = FALSE
	EndGlobalSection
	GlobalSection(ExtensibilityGlobals) = postSolution
		SolutionGuid = {57534269-F795-4D56-B60B-71A9E575F970}
	EndGlobalSection
EndGlobal
